
Microsoft Visual Studio Solution File, Format Version 12.00
# Visual Studio Version 17
VisualStudioVersion = 17.5.33502.453
MinimumVisualStudioVersion = 10.0.40219.1
Project("{FAE04EC0-301F-11D3-BF4B-00C04F79EFBC}") = "Day1_C#", "Day1_C#\Day1_C#.csproj", "{73546EA3-1414-47B7-B0B9-95321709234C}"
EndProject
Global
	GlobalSection(SolutionConfigurationPlatforms) = preSolution
		Debug|Any CPU = Debug|Any CPU
		Release|Any CPU = Release|Any CPU
	EndGlobalSection
	GlobalSection(ProjectConfigurationPlatforms) = postSolution
		{73546EA3-1414-47B7-B0B9-95321709234C}.Debug|Any CPU.ActiveCfg = Debug|Any CPU
		{73546EA3-1414-47B7-B0B9-95321709234C}.Debug|Any CPU.Build.0 = Debug|Any CPU
		{73546EA3-1414-47B7-B0B9-95321709234C}.Release|Any CPU.ActiveCfg = Release|Any CPU
		{73546EA3-1414-47B7-B0B9-95321709234C}.Release|Any CPU.Build.0 = Release|Any CPU
	EndGlobalSection
	GlobalSection(SolutionProperties) = preSolution
		HideSolutionNode = FALSE
	EndGlobalSection
	GlobalSection(ExtensibilityGlobals) = postSolution
		SolutionGuid = {6FBEEB0C-E7C8-4709-8E93-FA42D2261845}
	EndGlobalSection
EndGlobal
