
Microsoft Visual Studio Solution File, Format Version 12.00
# Visual Studio Version 17
VisualStudioVersion = 17.5.33502.453
MinimumVisualStudioVersion = 10.0.40219.1
Project("{FAE04EC0-301F-11D3-BF4B-00C04F79EFBC}") = "Employee_Details_Project", "Employee_Details_Project\Employee_Details_Project.csproj", "{4C0073D8-0FA6-4C85-8BF2-CFD3104D51CB}"
EndProject
Global
	GlobalSection(SolutionConfigurationPlatforms) = preSolution
		Debug|Any CPU = Debug|Any CPU
		Release|Any CPU = Release|Any CPU
	EndGlobalSection
	GlobalSection(ProjectConfigurationPlatforms) = postSolution
		{4C0073D8-0FA6-4C85-8BF2-CFD3104D51CB}.Debug|Any CPU.ActiveCfg = Debug|Any CPU
		{4C0073D8-0FA6-4C85-8BF2-CFD3104D51CB}.Debug|Any CPU.Build.0 = Debug|Any CPU
		{4C0073D8-0FA6-4C85-8BF2-CFD3104D51CB}.Release|Any CPU.ActiveCfg = Release|Any CPU
		{4C0073D8-0FA6-4C85-8BF2-CFD3104D51CB}.Release|Any CPU.Build.0 = Release|Any CPU
	EndGlobalSection
	GlobalSection(SolutionProperties) = preSolution
		HideSolutionNode = FALSE
	EndGlobalSection
	GlobalSection(ExtensibilityGlobals) = postSolution
		SolutionGuid = {105EB188-E851-484E-A108-525CCA8C56C7}
	EndGlobalSection
EndGlobal
