
Microsoft Visual Studio Solution File, Format Version 12.00
# Visual Studio Version 17
VisualStudioVersion = 17.5.33502.453
MinimumVisualStudioVersion = 10.0.40219.1
Project("{FAE04EC0-301F-11D3-BF4B-00C04F79EFBC}") = "Day2_C#_Traning", "Day2_C#_Traning\Day2_C#_Traning.csproj", "{49E65A3C-E950-45C5-A0AB-4283D02F111D}"
EndProject
Global
	GlobalSection(SolutionConfigurationPlatforms) = preSolution
		Debug|Any CPU = Debug|Any CPU
		Release|Any CPU = Release|Any CPU
	EndGlobalSection
	GlobalSection(ProjectConfigurationPlatforms) = postSolution
		{49E65A3C-E950-45C5-A0AB-4283D02F111D}.Debug|Any CPU.ActiveCfg = Debug|Any CPU
		{49E65A3C-E950-45C5-A0AB-4283D02F111D}.Debug|Any CPU.Build.0 = Debug|Any CPU
		{49E65A3C-E950-45C5-A0AB-4283D02F111D}.Release|Any CPU.ActiveCfg = Release|Any CPU
		{49E65A3C-E950-45C5-A0AB-4283D02F111D}.Release|Any CPU.Build.0 = Release|Any CPU
	EndGlobalSection
	GlobalSection(SolutionProperties) = preSolution
		HideSolutionNode = FALSE
	EndGlobalSection
	GlobalSection(ExtensibilityGlobals) = postSolution
		SolutionGuid = {D08EA6D8-6B2C-421B-9DF6-5B5A014AAEBC}
	EndGlobalSection
EndGlobal
